
Microsoft Visual Studio Solution File, Format Version 12.00
# Visual Studio Version 17
VisualStudioVersion = 17.9.34728.123
MinimumVisualStudioVersion = 10.0.40219.1
Project("{FAE04EC0-301F-11D3-BF4B-00C04F79EFBC}") = "pruebasconexiones-proyecto", "pruebasconexiones-proyecto\pruebasconexiones-proyecto.csproj", "{5C44FA19-64B7-4C03-873D-6ADCE03D2980}"
EndProject
Project("{FAE04EC0-301F-11D3-BF4B-00C04F79EFBC}") = "conexionesdb", "conexionesdb\conexionesdb.csproj", "{F61F0A6D-B9B5-4B3F-8038-E62A888C7A7F}"
EndProject
Global
	GlobalSection(SolutionConfigurationPlatforms) = preSolution
		Debug|Any CPU = Debug|Any CPU
		Release|Any CPU = Release|Any CPU
	EndGlobalSection
	GlobalSection(ProjectConfigurationPlatforms) = postSolution
		{5C44FA19-64B7-4C03-873D-6ADCE03D2980}.Debug|Any CPU.ActiveCfg = Debug|Any CPU
		{5C44FA19-64B7-4C03-873D-6ADCE03D2980}.Debug|Any CPU.Build.0 = Debug|Any CPU
		{5C44FA19-64B7-4C03-873D-6ADCE03D2980}.Release|Any CPU.ActiveCfg = Release|Any CPU
		{5C44FA19-64B7-4C03-873D-6ADCE03D2980}.Release|Any CPU.Build.0 = Release|Any CPU
		{F61F0A6D-B9B5-4B3F-8038-E62A888C7A7F}.Debug|Any CPU.ActiveCfg = Debug|Any CPU
		{F61F0A6D-B9B5-4B3F-8038-E62A888C7A7F}.Debug|Any CPU.Build.0 = Debug|Any CPU
		{F61F0A6D-B9B5-4B3F-8038-E62A888C7A7F}.Release|Any CPU.ActiveCfg = Release|Any CPU
		{F61F0A6D-B9B5-4B3F-8038-E62A888C7A7F}.Release|Any CPU.Build.0 = Release|Any CPU
	EndGlobalSection
	GlobalSection(SolutionProperties) = preSolution
		HideSolutionNode = FALSE
	EndGlobalSection
	GlobalSection(ExtensibilityGlobals) = postSolution
		SolutionGuid = {02579486-62DE-4134-9282-4D4D0C81778F}
	EndGlobalSection
EndGlobal
